
Microsoft Visual Studio Solution File, Format Version 12.00
# Visual Studio Version 17
VisualStudioVersion = 17.2.32630.192
MinimumVisualStudioVersion = 10.0.40219.1
Project("{9A19103F-16F7-4668-BE54-9A1E7A4F7556}") = "ProjectStopwatchApp", "WinFormsApp1\ProjectStopwatchApp.csproj", "{EC548544-2DA9-4AEB-9B89-B57D6F7492EC}"
EndProject
Global
	GlobalSection(SolutionConfigurationPlatforms) = preSolution
		Debug|Any CPU = Debug|Any CPU
		Release|Any CPU = Release|Any CPU
	EndGlobalSection
	GlobalSection(ProjectConfigurationPlatforms) = postSolution
		{EC548544-2DA9-4AEB-9B89-B57D6F7492EC}.Debug|Any CPU.ActiveCfg = Debug|Any CPU
		{EC548544-2DA9-4AEB-9B89-B57D6F7492EC}.Debug|Any CPU.Build.0 = Debug|Any CPU
		{EC548544-2DA9-4AEB-9B89-B57D6F7492EC}.Release|Any CPU.ActiveCfg = Release|Any CPU
		{EC548544-2DA9-4AEB-9B89-B57D6F7492EC}.Release|Any CPU.Build.0 = Release|Any CPU
	EndGlobalSection
	GlobalSection(SolutionProperties) = preSolution
		HideSolutionNode = FALSE
	EndGlobalSection
	GlobalSection(ExtensibilityGlobals) = postSolution
		SolutionGuid = {DCDE3641-1852-4F43-BC38-5F29974A4427}
	EndGlobalSection
EndGlobal
